// !$*UTF8*$!
{
	archiveVersion = 1;
	classes = {
	};
	objectVersion = 46;
	objects = {

/* Begin PBXBuildFile section */
		024507361E3C902B00474C1C /* OccupancyMapTests.swift in Sources */ = {isa = PBXBuildFile; fileRef = 024507351E3C902B00474C1C /* OccupancyMapTests.swift */; };
		5D526B9E1E622DF0009C057E /* GCDAsyncSocket.m in Sources */ = {isa = PBXBuildFile; fileRef = 5D526B9B1E622DF0009C057E /* GCDAsyncSocket.m */; };
		5D526B9F1E622DF0009C057E /* GCDAsyncUdpSocket.m in Sources */ = {isa = PBXBuildFile; fileRef = 5D526B9D1E622DF0009C057E /* GCDAsyncUdpSocket.m */; };
		5D526BA11E622E4E009C057E /* NetConnection.swift in Sources */ = {isa = PBXBuildFile; fileRef = 5D526BA01E622E4E009C057E /* NetConnection.swift */; };
		5D526BA51E622E62009C057E /* NetMessage.swift in Sources */ = {isa = PBXBuildFile; fileRef = 5D526BA41E622E62009C057E /* NetMessage.swift */; };
		5D526BA71E6232C2009C057E /* BinaryStream.swift in Sources */ = {isa = PBXBuildFile; fileRef = 5D526BA61E6232C2009C057E /* BinaryStream.swift */; };
		5D526BA91E6232D1009C057E /* BinaryStreamTests.swift in Sources */ = {isa = PBXBuildFile; fileRef = 5D526BA81E6232D0009C057E /* BinaryStreamTests.swift */; };
		5D52BDAF1E6D13630018BF76 /* Game.swift in Sources */ = {isa = PBXBuildFile; fileRef = 5D52BDAE1E6D13630018BF76 /* Game.swift */; };
		5D849A801E3BB1260027AF00 /* AppDelegate.swift in Sources */ = {isa = PBXBuildFile; fileRef = 5D849A7F1E3BB1260027AF00 /* AppDelegate.swift */; };
		5D849A821E3BB1260027AF00 /* GameSinglePlayerScene.sks in Resources */ = {isa = PBXBuildFile; fileRef = 5D849A811E3BB1260027AF00 /* GameSinglePlayerScene.sks */; };
		5D849A861E3BB1260027AF00 /* GameSinglePlayerScene.swift in Sources */ = {isa = PBXBuildFile; fileRef = 5D849A851E3BB1260027AF00 /* GameSinglePlayerScene.swift */; };
		5D849A8A1E3BB1260027AF00 /* Assets.xcassets in Resources */ = {isa = PBXBuildFile; fileRef = 5D849A891E3BB1260027AF00 /* Assets.xcassets */; };
		5D849A981E3BB1270027AF00 /* MUT20XXTests.swift in Sources */ = {isa = PBXBuildFile; fileRef = 5D849A971E3BB1270027AF00 /* MUT20XXTests.swift */; };
		5D849AA61E3BB2180027AF00 /* Board.swift in Sources */ = {isa = PBXBuildFile; fileRef = 5D849AA51E3BB2180027AF00 /* Board.swift */; };
		5D849AA81E3BB22F0027AF00 /* Piece.swift in Sources */ = {isa = PBXBuildFile; fileRef = 5D849AA71E3BB22F0027AF00 /* Piece.swift */; };
		5D849AAA1E3BB5700027AF00 /* OccupancyMap.swift in Sources */ = {isa = PBXBuildFile; fileRef = 5D849AA91E3BB5700027AF00 /* OccupancyMap.swift */; };
		5D849AAC1E3BB71B0027AF00 /* ShapeGenerator.swift in Sources */ = {isa = PBXBuildFile; fileRef = 5D849AAB1E3BB71B0027AF00 /* ShapeGenerator.swift */; };
		5D849AAF1E3BB7A40027AF00 /* ClientGame.swift in Sources */ = {isa = PBXBuildFile; fileRef = 5D849AAE1E3BB7A40027AF00 /* ClientGame.swift */; };
		5D849AB21E3BB7DE0027AF00 /* Input.swift in Sources */ = {isa = PBXBuildFile; fileRef = 5D849AB11E3BB7DE0027AF00 /* Input.swift */; };
		5D849AB41E3BB8080027AF00 /* Player.swift in Sources */ = {isa = PBXBuildFile; fileRef = 5D849AB31E3BB8080027AF00 /* Player.swift */; };
		5D849AB61E3BC7180027AF00 /* Audio.swift in Sources */ = {isa = PBXBuildFile; fileRef = 5D849AB51E3BC7180027AF00 /* Audio.swift */; };
		5D849ABA1E3BDC570027AF00 /* Notes.txt in Resources */ = {isa = PBXBuildFile; fileRef = 5D849AB91E3BDC570027AF00 /* Notes.txt */; };
		5D849ACE1E3BE6100027AF00 /* ButtonClick.m4a in Resources */ = {isa = PBXBuildFile; fileRef = 5D849ABE1E3BE6100027AF00 /* ButtonClick.m4a */; };
		5D849ACF1E3BE6100027AF00 /* ButtonHover.m4a in Resources */ = {isa = PBXBuildFile; fileRef = 5D849ABF1E3BE6100027AF00 /* ButtonHover.m4a */; };
		5D849AD01E3BE6100027AF00 /* ButtonRelease.m4a in Resources */ = {isa = PBXBuildFile; fileRef = 5D849AC01E3BE6100027AF00 /* ButtonRelease.m4a */; };
		5D849AD11E3BE6100027AF00 /* CompleteFourLines.m4a in Resources */ = {isa = PBXBuildFile; fileRef = 5D849AC11E3BE6100027AF00 /* CompleteFourLines.m4a */; };
		5D849AD21E3BE6100027AF00 /* CompleteLine.m4a in Resources */ = {isa = PBXBuildFile; fileRef = 5D849AC21E3BE6100027AF00 /* CompleteLine.m4a */; };
		5D849AD31E3BE6100027AF00 /* DropBlock.m4a in Resources */ = {isa = PBXBuildFile; fileRef = 5D849AC31E3BE6100027AF00 /* DropBlock.m4a */; };
		5D849AD41E3BE6100027AF00 /* Explosion.m4a in Resources */ = {isa = PBXBuildFile; fileRef = 5D849AC41E3BE6100027AF00 /* Explosion.m4a */; };
		5D849AD51E3BE6100027AF00 /* GameOver.m4a in Resources */ = {isa = PBXBuildFile; fileRef = 5D849AC51E3BE6100027AF00 /* GameOver.m4a */; };
		5D849AD61E3BE6100027AF00 /* MoveBlock.m4a in Resources */ = {isa = PBXBuildFile; fileRef = 5D849AC61E3BE6100027AF00 /* MoveBlock.m4a */; };
		5D849AD71E3BE6100027AF00 /* NewLevel.m4a in Resources */ = {isa = PBXBuildFile; fileRef = 5D849AC71E3BE6100027AF00 /* NewLevel.m4a */; };
		5D849AD81E3BE6100027AF00 /* RotateBlock.m4a in Resources */ = {isa = PBXBuildFile; fileRef = 5D849AC81E3BE6100027AF00 /* RotateBlock.m4a */; };
		5D849AD91E3BE6100027AF00 /* SuckLines.m4a in Resources */ = {isa = PBXBuildFile; fileRef = 5D849AC91E3BE6100027AF00 /* SuckLines.m4a */; };
		5D849ADA1E3BE6100027AF00 /* TetrisMusic1.m4a in Resources */ = {isa = PBXBuildFile; fileRef = 5D849ACA1E3BE6100027AF00 /* TetrisMusic1.m4a */; };
		5D849ADB1E3BE6100027AF00 /* TetrisMusic2.m4a in Resources */ = {isa = PBXBuildFile; fileRef = 5D849ACB1E3BE6100027AF00 /* TetrisMusic2.m4a */; };
		5D849ADC1E3BE6100027AF00 /* TetrisMusic3.m4a in Resources */ = {isa = PBXBuildFile; fileRef = 5D849ACC1E3BE6100027AF00 /* TetrisMusic3.m4a */; };
		5D849ADD1E3BE6100027AF00 /* WonGame.m4a in Resources */ = {isa = PBXBuildFile; fileRef = 5D849ACD1E3BE6100027AF00 /* WonGame.m4a */; };
		5D849AE21E3E9F420027AF00 /* ServerGame.swift in Sources */ = {isa = PBXBuildFile; fileRef = 5D849AE11E3E9F420027AF00 /* ServerGame.swift */; };
		5DA8C2F01E59368000C33D23 /* BoardNode.swift in Sources */ = {isa = PBXBuildFile; fileRef = 5DA8C2EF1E59368000C33D23 /* BoardNode.swift */; };
		5DA8C2F21E5936A900C33D23 /* BlockNode.swift in Sources */ = {isa = PBXBuildFile; fileRef = 5DA8C2F11E5936A900C33D23 /* BlockNode.swift */; };
		5DA8C2F41E5936CF00C33D23 /* ShapeNode.swift in Sources */ = {isa = PBXBuildFile; fileRef = 5DA8C2F31E5936CF00C33D23 /* ShapeNode.swift */; };
		5DA8C2F61E5938A000C33D23 /* GamePieceBlockTexture.swift in Sources */ = {isa = PBXBuildFile; fileRef = 5DA8C2F51E5938A000C33D23 /* GamePieceBlockTexture.swift */; };
		5DCE04021EB6586800C8F9ED /* BaseGameScene.swift in Sources */ = {isa = PBXBuildFile; fileRef = 5DCE04011EB6586800C8F9ED /* BaseGameScene.swift */; };
		5DCE04041EB6594400C8F9ED /* LobbyScene.swift in Sources */ = {isa = PBXBuildFile; fileRef = 5DCE04031EB6594400C8F9ED /* LobbyScene.swift */; };
		5DCE04061EB6599D00C8F9ED /* LobbyScene.sks in Resources */ = {isa = PBXBuildFile; fileRef = 5DCE04051EB6599D00C8F9ED /* LobbyScene.sks */; };
		5DCE04081EB659D500C8F9ED /* SceneManager.swift in Sources */ = {isa = PBXBuildFile; fileRef = 5DCE04071EB659D500C8F9ED /* SceneManager.swift */; };
		5DCE040A1EB65AE500C8F9ED /* WaitingScene.swift in Sources */ = {isa = PBXBuildFile; fileRef = 5DCE04091EB65AE500C8F9ED /* WaitingScene.swift */; };
		5DCE040C1EB65B9000C8F9ED /* WaitingScene.sks in Resources */ = {isa = PBXBuildFile; fileRef = 5DCE040B1EB65B9000C8F9ED /* WaitingScene.sks */; };
		5DD1298F1E6378BA001FFDC0 /* HostGameViewController.swift in Sources */ = {isa = PBXBuildFile; fileRef = 5DD1298D1E6378BA001FFDC0 /* HostGameViewController.swift */; };
		5DD129901E6378BA001FFDC0 /* HostGameViewController.xib in Resources */ = {isa = PBXBuildFile; fileRef = 5DD1298E1E6378BA001FFDC0 /* HostGameViewController.xib */; };
		5DD129931E6378CC001FFDC0 /* JoinGameViewController.swift in Sources */ = {isa = PBXBuildFile; fileRef = 5DD129911E6378CC001FFDC0 /* JoinGameViewController.swift */; };
		5DD129941E6378CC001FFDC0 /* JoinGameViewController.xib in Resources */ = {isa = PBXBuildFile; fileRef = 5DD129921E6378CC001FFDC0 /* JoinGameViewController.xib */; };
		5DD129961E638083001FFDC0 /* Dialog.swift in Sources */ = {isa = PBXBuildFile; fileRef = 5DD129951E638083001FFDC0 /* Dialog.swift */; };
		5DD129981E6388C7001FFDC0 /* Preferences.swift in Sources */ = {isa = PBXBuildFile; fileRef = 5DD129971E6388C7001FFDC0 /* Preferences.swift */; };
		5DF95A311E58E6B100F2817A /* MainMenu.xib in Resources */ = {isa = PBXBuildFile; fileRef = 5DF95A301E58E6B100F2817A /* MainMenu.xib */; };
		5DF95A351E59274000F2817A /* MainMenuScene.sks in Resources */ = {isa = PBXBuildFile; fileRef = 5DF95A341E59274000F2817A /* MainMenuScene.sks */; };
		5DF95A371E59278900F2817A /* MainMenuScene.swift in Sources */ = {isa = PBXBuildFile; fileRef = 5DF95A361E59278900F2817A /* MainMenuScene.swift */; };
		5DF95A391E592B9400F2817A /* ButtonNode.swift in Sources */ = {isa = PBXBuildFile; fileRef = 5DF95A381E592B9400F2817A /* ButtonNode.swift */; };
		5DF95A3B1E5933A700F2817A /* Keycodes.swift in Sources */ = {isa = PBXBuildFile; fileRef = 5DF95A3A1E5933A700F2817A /* Keycodes.swift */; };
/* End PBXBuildFile section */

/* Begin PBXContainerItemProxy section */
		5D849A941E3BB1260027AF00 /* PBXContainerItemProxy */ = {
			isa = PBXContainerItemProxy;
			containerPortal = 5D849A741E3BB1260027AF00 /* Project object */;
			proxyType = 1;
			remoteGlobalIDString = 5D849A7B1E3BB1260027AF00;
			remoteInfo = MUT20XX;
		};
/* End PBXContainerItemProxy section */

/* Begin PBXFileReference section */
		024507351E3C902B00474C1C /* OccupancyMapTests.swift */ = {isa = PBXFileReference; fileEncoding = 4; lastKnownFileType = sourcecode.swift; path = OccupancyMapTests.swift; sourceTree = "<group>"; };
		5D526B991E622DF0009C057E /* MUT20XX-Bridging-Header.h */ = {isa = PBXFileReference; lastKnownFileType = sourcecode.c.h; name = "MUT20XX-Bridging-Header.h"; path = "Game/MUT20XX-Bridging-Header.h"; sourceTree = "<group>"; };
		5D526B9A1E622DF0009C057E /* GCDAsyncSocket.h */ = {isa = PBXFileReference; fileEncoding = 4; lastKnownFileType = sourcecode.c.h; name = GCDAsyncSocket.h; path = GCDAsyncSocket/GCDAsyncSocket.h; sourceTree = "<group>"; };
		5D526B9B1E622DF0009C057E /* GCDAsyncSocket.m */ = {isa = PBXFileReference; fileEncoding = 4; lastKnownFileType = sourcecode.c.objc; name = GCDAsyncSocket.m; path = GCDAsyncSocket/GCDAsyncSocket.m; sourceTree = "<group>"; };
		5D526B9C1E622DF0009C057E /* GCDAsyncUdpSocket.h */ = {isa = PBXFileReference; fileEncoding = 4; lastKnownFileType = sourcecode.c.h; name = GCDAsyncUdpSocket.h; path = GCDAsyncSocket/GCDAsyncUdpSocket.h; sourceTree = "<group>"; };
		5D526B9D1E622DF0009C057E /* GCDAsyncUdpSocket.m */ = {isa = PBXFileReference; fileEncoding = 4; lastKnownFileType = sourcecode.c.objc; name = GCDAsyncUdpSocket.m; path = GCDAsyncSocket/GCDAsyncUdpSocket.m; sourceTree = "<group>"; };
		5D526BA01E622E4E009C057E /* NetConnection.swift */ = {isa = PBXFileReference; fileEncoding = 4; lastKnownFileType = sourcecode.swift; path = NetConnection.swift; sourceTree = "<group>"; };
		5D526BA41E622E62009C057E /* NetMessage.swift */ = {isa = PBXFileReference; fileEncoding = 4; lastKnownFileType = sourcecode.swift; path = NetMessage.swift; sourceTree = "<group>"; };
		5D526BA61E6232C2009C057E /* BinaryStream.swift */ = {isa = PBXFileReference; fileEncoding = 4; lastKnownFileType = sourcecode.swift; path = BinaryStream.swift; sourceTree = "<group>"; };
		5D526BA81E6232D0009C057E /* BinaryStreamTests.swift */ = {isa = PBXFileReference; fileEncoding = 4; lastKnownFileType = sourcecode.swift; path = BinaryStreamTests.swift; sourceTree = "<group>"; };
		5D52BDAE1E6D13630018BF76 /* Game.swift */ = {isa = PBXFileReference; fileEncoding = 4; lastKnownFileType = sourcecode.swift; path = Game.swift; sourceTree = "<group>"; };
		5D849A7C1E3BB1260027AF00 /* MUT20XX.app */ = {isa = PBXFileReference; explicitFileType = wrapper.application; includeInIndex = 0; path = MUT20XX.app; sourceTree = BUILT_PRODUCTS_DIR; };
		5D849A7F1E3BB1260027AF00 /* AppDelegate.swift */ = {isa = PBXFileReference; lastKnownFileType = sourcecode.swift; name = AppDelegate.swift; path = Game/AppDelegate.swift; sourceTree = "<group>"; };
		5D849A811E3BB1260027AF00 /* GameSinglePlayerScene.sks */ = {isa = PBXFileReference; lastKnownFileType = file.sks; path = GameSinglePlayerScene.sks; sourceTree = "<group>"; };
		5D849A851E3BB1260027AF00 /* GameSinglePlayerScene.swift */ = {isa = PBXFileReference; lastKnownFileType = sourcecode.swift; path = GameSinglePlayerScene.swift; sourceTree = "<group>"; };
		5D849A891E3BB1260027AF00 /* Assets.xcassets */ = {isa = PBXFileReference; lastKnownFileType = folder.assetcatalog; name = Assets.xcassets; path = Game/Assets.xcassets; sourceTree = "<group>"; };
		5D849A8E1E3BB1260027AF00 /* Info.plist */ = {isa = PBXFileReference; lastKnownFileType = text.plist.xml; name = Info.plist; path = Game/Info.plist; sourceTree = "<group>"; };
		5D849A931E3BB1260027AF00 /* MUT20XXTests.xctest */ = {isa = PBXFileReference; explicitFileType = wrapper.cfbundle; includeInIndex = 0; path = MUT20XXTests.xctest; sourceTree = BUILT_PRODUCTS_DIR; };
		5D849A971E3BB1270027AF00 /* MUT20XXTests.swift */ = {isa = PBXFileReference; lastKnownFileType = sourcecode.swift; path = MUT20XXTests.swift; sourceTree = "<group>"; };
		5D849A991E3BB1270027AF00 /* Info.plist */ = {isa = PBXFileReference; lastKnownFileType = text.plist.xml; path = Info.plist; sourceTree = "<group>"; };
		5D849AA51E3BB2180027AF00 /* Board.swift */ = {isa = PBXFileReference; fileEncoding = 4; lastKnownFileType = sourcecode.swift; path = Board.swift; sourceTree = "<group>"; };
		5D849AA71E3BB22F0027AF00 /* Piece.swift */ = {isa = PBXFileReference; fileEncoding = 4; lastKnownFileType = sourcecode.swift; path = Piece.swift; sourceTree = "<group>"; };
		5D849AA91E3BB5700027AF00 /* OccupancyMap.swift */ = {isa = PBXFileReference; fileEncoding = 4; lastKnownFileType = sourcecode.swift; path = OccupancyMap.swift; sourceTree = "<group>"; };
		5D849AAB1E3BB71B0027AF00 /* ShapeGenerator.swift */ = {isa = PBXFileReference; fileEncoding = 4; lastKnownFileType = sourcecode.swift; path = ShapeGenerator.swift; sourceTree = "<group>"; };
		5D849AAE1E3BB7A40027AF00 /* ClientGame.swift */ = {isa = PBXFileReference; fileEncoding = 4; lastKnownFileType = sourcecode.swift; path = ClientGame.swift; sourceTree = "<group>"; };
		5D849AB11E3BB7DE0027AF00 /* Input.swift */ = {isa = PBXFileReference; fileEncoding = 4; lastKnownFileType = sourcecode.swift; path = Input.swift; sourceTree = "<group>"; };
		5D849AB31E3BB8080027AF00 /* Player.swift */ = {isa = PBXFileReference; fileEncoding = 4; lastKnownFileType = sourcecode.swift; path = Player.swift; sourceTree = "<group>"; };
		5D849AB51E3BC7180027AF00 /* Audio.swift */ = {isa = PBXFileReference; fileEncoding = 4; lastKnownFileType = sourcecode.swift; path = Audio.swift; sourceTree = "<group>"; };
		5D849AB71E3BD47E0027AF00 /* Styleguide.txt */ = {isa = PBXFileReference; fileEncoding = 4; lastKnownFileType = text; path = Styleguide.txt; sourceTree = "<group>"; usesTabs = 0; };
		5D849AB91E3BDC570027AF00 /* Notes.txt */ = {isa = PBXFileReference; fileEncoding = 4; lastKnownFileType = text; path = Notes.txt; sourceTree = "<group>"; };
		5D849ABE1E3BE6100027AF00 /* ButtonClick.m4a */ = {isa = PBXFileReference; lastKnownFileType = file; path = ButtonClick.m4a; sourceTree = "<group>"; };
		5D849ABF1E3BE6100027AF00 /* ButtonHover.m4a */ = {isa = PBXFileReference; lastKnownFileType = file; path = ButtonHover.m4a; sourceTree = "<group>"; };
		5D849AC01E3BE6100027AF00 /* ButtonRelease.m4a */ = {isa = PBXFileReference; lastKnownFileType = file; path = ButtonRelease.m4a; sourceTree = "<group>"; };
		5D849AC11E3BE6100027AF00 /* CompleteFourLines.m4a */ = {isa = PBXFileReference; lastKnownFileType = file; path = CompleteFourLines.m4a; sourceTree = "<group>"; };
		5D849AC21E3BE6100027AF00 /* CompleteLine.m4a */ = {isa = PBXFileReference; lastKnownFileType = file; path = CompleteLine.m4a; sourceTree = "<group>"; };
		5D849AC31E3BE6100027AF00 /* DropBlock.m4a */ = {isa = PBXFileReference; lastKnownFileType = file; path = DropBlock.m4a; sourceTree = "<group>"; };
		5D849AC41E3BE6100027AF00 /* Explosion.m4a */ = {isa = PBXFileReference; lastKnownFileType = file; path = Explosion.m4a; sourceTree = "<group>"; };
		5D849AC51E3BE6100027AF00 /* GameOver.m4a */ = {isa = PBXFileReference; lastKnownFileType = file; path = GameOver.m4a; sourceTree = "<group>"; };
		5D849AC61E3BE6100027AF00 /* MoveBlock.m4a */ = {isa = PBXFileReference; lastKnownFileType = file; path = MoveBlock.m4a; sourceTree = "<group>"; };
		5D849AC71E3BE6100027AF00 /* NewLevel.m4a */ = {isa = PBXFileReference; lastKnownFileType = file; path = NewLevel.m4a; sourceTree = "<group>"; };
		5D849AC81E3BE6100027AF00 /* RotateBlock.m4a */ = {isa = PBXFileReference; lastKnownFileType = file; path = RotateBlock.m4a; sourceTree = "<group>"; };
		5D849AC91E3BE6100027AF00 /* SuckLines.m4a */ = {isa = PBXFileReference; lastKnownFileType = file; path = SuckLines.m4a; sourceTree = "<group>"; };
		5D849ACA1E3BE6100027AF00 /* TetrisMusic1.m4a */ = {isa = PBXFileReference; lastKnownFileType = file; path = TetrisMusic1.m4a; sourceTree = "<group>"; };
		5D849ACB1E3BE6100027AF00 /* TetrisMusic2.m4a */ = {isa = PBXFileReference; lastKnownFileType = file; path = TetrisMusic2.m4a; sourceTree = "<group>"; };
		5D849ACC1E3BE6100027AF00 /* TetrisMusic3.m4a */ = {isa = PBXFileReference; lastKnownFileType = file; path = TetrisMusic3.m4a; sourceTree = "<group>"; };
		5D849ACD1E3BE6100027AF00 /* WonGame.m4a */ = {isa = PBXFileReference; lastKnownFileType = file; path = WonGame.m4a; sourceTree = "<group>"; };
		5D849AE11E3E9F420027AF00 /* ServerGame.swift */ = {isa = PBXFileReference; fileEncoding = 4; lastKnownFileType = sourcecode.swift; name = ServerGame.swift; path = Game/ServerGame.swift; sourceTree = SOURCE_ROOT; };
		5DA8C2EF1E59368000C33D23 /* BoardNode.swift */ = {isa = PBXFileReference; fileEncoding = 4; lastKnownFileType = sourcecode.swift; path = BoardNode.swift; sourceTree = "<group>"; };
		5DA8C2F11E5936A900C33D23 /* BlockNode.swift */ = {isa = PBXFileReference; fileEncoding = 4; lastKnownFileType = sourcecode.swift; path = BlockNode.swift; sourceTree = "<group>"; };
		5DA8C2F31E5936CF00C33D23 /* ShapeNode.swift */ = {isa = PBXFileReference; fileEncoding = 4; lastKnownFileType = sourcecode.swift; path = ShapeNode.swift; sourceTree = "<group>"; };
		5DA8C2F51E5938A000C33D23 /* GamePieceBlockTexture.swift */ = {isa = PBXFileReference; fileEncoding = 4; lastKnownFileType = sourcecode.swift; path = GamePieceBlockTexture.swift; sourceTree = "<group>"; };
		5DCE04011EB6586800C8F9ED /* BaseGameScene.swift */ = {isa = PBXFileReference; fileEncoding = 4; lastKnownFileType = sourcecode.swift; path = BaseGameScene.swift; sourceTree = "<group>"; };
		5DCE04031EB6594400C8F9ED /* LobbyScene.swift */ = {isa = PBXFileReference; fileEncoding = 4; lastKnownFileType = sourcecode.swift; path = LobbyScene.swift; sourceTree = "<group>"; };
		5DCE04051EB6599D00C8F9ED /* LobbyScene.sks */ = {isa = PBXFileReference; lastKnownFileType = file.sks; path = LobbyScene.sks; sourceTree = "<group>"; };
		5DCE04071EB659D500C8F9ED /* SceneManager.swift */ = {isa = PBXFileReference; fileEncoding = 4; lastKnownFileType = sourcecode.swift; path = SceneManager.swift; sourceTree = "<group>"; };
		5DCE04091EB65AE500C8F9ED /* WaitingScene.swift */ = {isa = PBXFileReference; fileEncoding = 4; lastKnownFileType = sourcecode.swift; path = WaitingScene.swift; sourceTree = "<group>"; };
		5DCE040B1EB65B9000C8F9ED /* WaitingScene.sks */ = {isa = PBXFileReference; lastKnownFileType = file.sks; path = WaitingScene.sks; sourceTree = "<group>"; };
		5DD1298D1E6378BA001FFDC0 /* HostGameViewController.swift */ = {isa = PBXFileReference; fileEncoding = 4; lastKnownFileType = sourcecode.swift; name = HostGameViewController.swift; path = Game/HostGameViewController.swift; sourceTree = "<group>"; };
		5DD1298E1E6378BA001FFDC0 /* HostGameViewController.xib */ = {isa = PBXFileReference; fileEncoding = 4; lastKnownFileType = file.xib; name = HostGameViewController.xib; path = Game/HostGameViewController.xib; sourceTree = "<group>"; };
		5DD129911E6378CC001FFDC0 /* JoinGameViewController.swift */ = {isa = PBXFileReference; fileEncoding = 4; lastKnownFileType = sourcecode.swift; path = JoinGameViewController.swift; sourceTree = "<group>"; };
		5DD129921E6378CC001FFDC0 /* JoinGameViewController.xib */ = {isa = PBXFileReference; fileEncoding = 4; lastKnownFileType = file.xib; path = JoinGameViewController.xib; sourceTree = "<group>"; };
		5DD129951E638083001FFDC0 /* Dialog.swift */ = {isa = PBXFileReference; fileEncoding = 4; lastKnownFileType = sourcecode.swift; path = Dialog.swift; sourceTree = "<group>"; };
		5DD129971E6388C7001FFDC0 /* Preferences.swift */ = {isa = PBXFileReference; fileEncoding = 4; lastKnownFileType = sourcecode.swift; name = Preferences.swift; path = ../Preferences.swift; sourceTree = "<group>"; };
		5DF95A301E58E6B100F2817A /* MainMenu.xib */ = {isa = PBXFileReference; fileEncoding = 4; lastKnownFileType = file.xib; name = MainMenu.xib; path = Game/MainMenu.xib; sourceTree = "<group>"; };
		5DF95A341E59274000F2817A /* MainMenuScene.sks */ = {isa = PBXFileReference; lastKnownFileType = file.sks; path = MainMenuScene.sks; sourceTree = "<group>"; };
		5DF95A361E59278900F2817A /* MainMenuScene.swift */ = {isa = PBXFileReference; fileEncoding = 4; lastKnownFileType = sourcecode.swift; path = MainMenuScene.swift; sourceTree = "<group>"; };
		5DF95A381E592B9400F2817A /* ButtonNode.swift */ = {isa = PBXFileReference; fileEncoding = 4; lastKnownFileType = sourcecode.swift; path = ButtonNode.swift; sourceTree = "<group>"; };
		5DF95A3A1E5933A700F2817A /* Keycodes.swift */ = {isa = PBXFileReference; fileEncoding = 4; lastKnownFileType = sourcecode.swift; path = Keycodes.swift; sourceTree = "<group>"; };
/* End PBXFileReference section */

/* Begin PBXFrameworksBuildPhase section */
		5D849A791E3BB1260027AF00 /* Frameworks */ = {
			isa = PBXFrameworksBuildPhase;
			buildActionMask = 2147483647;
			files = (
			);
			runOnlyForDeploymentPostprocessing = 0;
		};
		5D849A901E3BB1260027AF00 /* Frameworks */ = {
			isa = PBXFrameworksBuildPhase;
			buildActionMask = 2147483647;
			files = (
			);
			runOnlyForDeploymentPostprocessing = 0;
		};
/* End PBXFrameworksBuildPhase section */

/* Begin PBXGroup section */
		5D526B8E1E6210D9009C057E /* Frameworks */ = {
			isa = PBXGroup;
			children = (
			);
			name = Frameworks;
			sourceTree = "<group>";
		};
		5D849A731E3BB1260027AF00 = {
			isa = PBXGroup;
			children = (
				5D849AB71E3BD47E0027AF00 /* Styleguide.txt */,
				5D849AB91E3BDC570027AF00 /* Notes.txt */,
				5D526B991E622DF0009C057E /* MUT20XX-Bridging-Header.h */,
				5D849AA41E3BB1CE0027AF00 /* Top Level */,
				5D849AA21E3BB1A50027AF00 /* Models */,
				5D849A7E1E3BB1260027AF00 /* Game */,
				5D849AB01E3BB7D40027AF00 /* Support */,
				5D849AAD1E3BB78E0027AF00 /* Networking */,
				5D849AA31E3BB1BA0027AF00 /* App Resources */,
				5D849A961E3BB1260027AF00 /* MUT20XXTests */,
				5D849A7D1E3BB1260027AF00 /* Products */,
				5D526B8E1E6210D9009C057E /* Frameworks */,
			);
			sourceTree = "<group>";
			usesTabs = 1;
		};
		5D849A7D1E3BB1260027AF00 /* Products */ = {
			isa = PBXGroup;
			children = (
				5D849A7C1E3BB1260027AF00 /* MUT20XX.app */,
				5D849A931E3BB1260027AF00 /* MUT20XXTests.xctest */,
			);
			name = Products;
			sourceTree = "<group>";
		};
		5D849A7E1E3BB1260027AF00 /* Game */ = {
			isa = PBXGroup;
			children = (
				5DF95A341E59274000F2817A /* MainMenuScene.sks */,
				5DCE04051EB6599D00C8F9ED /* LobbyScene.sks */,
				5DCE040B1EB65B9000C8F9ED /* WaitingScene.sks */,
				5D849A811E3BB1260027AF00 /* GameSinglePlayerScene.sks */,
				5DCE04091EB65AE500C8F9ED /* WaitingScene.swift */,
				5DF95A361E59278900F2817A /* MainMenuScene.swift */,
				5DCE04011EB6586800C8F9ED /* BaseGameScene.swift */,
				5DCE04031EB6594400C8F9ED /* LobbyScene.swift */,
				5D849A851E3BB1260027AF00 /* GameSinglePlayerScene.swift */,
				5DA8C2EF1E59368000C33D23 /* BoardNode.swift */,
				5DA8C2F31E5936CF00C33D23 /* ShapeNode.swift */,
				5DA8C2F11E5936A900C33D23 /* BlockNode.swift */,
				5DA8C2F51E5938A000C33D23 /* GamePieceBlockTexture.swift */,
				5DF95A381E592B9400F2817A /* ButtonNode.swift */,
			);
			path = Game;
			sourceTree = "<group>";
		};
		5D849A961E3BB1260027AF00 /* MUT20XXTests */ = {
			isa = PBXGroup;
			children = (
				5D849A971E3BB1270027AF00 /* MUT20XXTests.swift */,
				024507351E3C902B00474C1C /* OccupancyMapTests.swift */,
				5D849A991E3BB1270027AF00 /* Info.plist */,
			);
			name = MUT20XXTests;
			path = Tests;
			sourceTree = "<group>";
		};
		5D849AA21E3BB1A50027AF00 /* Models */ = {
			isa = PBXGroup;
			children = (
				5D52BDAE1E6D13630018BF76 /* Game.swift */,
				5D849AB31E3BB8080027AF00 /* Player.swift */,
				5D849AA51E3BB2180027AF00 /* Board.swift */,
				5D849AA71E3BB22F0027AF00 /* Piece.swift */,
				5D849AA91E3BB5700027AF00 /* OccupancyMap.swift */,
				5D849AAB1E3BB71B0027AF00 /* ShapeGenerator.swift */,
			);
			name = Models;
			path = Game;
			sourceTree = "<group>";
		};
		5D849AA31E3BB1BA0027AF00 /* App Resources */ = {
			isa = PBXGroup;
			children = (
				5D849ABD1E3BE6100027AF00 /* Sounds */,
				5D849A891E3BB1260027AF00 /* Assets.xcassets */,
				5D849A8E1E3BB1260027AF00 /* Info.plist */,
			);
			name = "App Resources";
			sourceTree = "<group>";
		};
		5D849AA41E3BB1CE0027AF00 /* Top Level */ = {
			isa = PBXGroup;
			children = (
				5DF95A301E58E6B100F2817A /* MainMenu.xib */,
				5DD1298E1E6378BA001FFDC0 /* HostGameViewController.xib */,
				5DD129921E6378CC001FFDC0 /* JoinGameViewController.xib */,
				5D849A7F1E3BB1260027AF00 /* AppDelegate.swift */,
				5DD1298D1E6378BA001FFDC0 /* HostGameViewController.swift */,
				5DD129911E6378CC001FFDC0 /* JoinGameViewController.swift */,
				5DD129951E638083001FFDC0 /* Dialog.swift */,
				5DCE04071EB659D500C8F9ED /* SceneManager.swift */,
			);
			name = "Top Level";
			sourceTree = "<group>";
		};
		5D849AAD1E3BB78E0027AF00 /* Networking */ = {
			isa = PBXGroup;
			children = (
				5D849AAE1E3BB7A40027AF00 /* ClientGame.swift */,
				5D849AE11E3E9F420027AF00 /* ServerGame.swift */,
				5D526BA01E622E4E009C057E /* NetConnection.swift */,
				5D526BA41E622E62009C057E /* NetMessage.swift */,
				5D526BA61E6232C2009C057E /* BinaryStream.swift */,
				5D526BA81E6232D0009C057E /* BinaryStreamTests.swift */,
				5D526B9A1E622DF0009C057E /* GCDAsyncSocket.h */,
				5D526B9B1E622DF0009C057E /* GCDAsyncSocket.m */,
				5D526B9C1E622DF0009C057E /* GCDAsyncUdpSocket.h */,
				5D526B9D1E622DF0009C057E /* GCDAsyncUdpSocket.m */,
			);
			name = Networking;
			path = Game;
			sourceTree = "<group>";
		};
		5D849AB01E3BB7D40027AF00 /* Support */ = {
			isa = PBXGroup;
			children = (
				5D849AB11E3BB7DE0027AF00 /* Input.swift */,
				5D849AB51E3BC7180027AF00 /* Audio.swift */,
				5DF95A3A1E5933A700F2817A /* Keycodes.swift */,
				5DD129971E6388C7001FFDC0 /* Preferences.swift */,
			);
			name = Support;
			path = Game;
			sourceTree = "<group>";
		};
		5D849ABD1E3BE6100027AF00 /* Sounds */ = {
			isa = PBXGroup;
			children = (
				5D849ABE1E3BE6100027AF00 /* ButtonClick.m4a */,
				5D849ABF1E3BE6100027AF00 /* ButtonHover.m4a */,
				5D849AC01E3BE6100027AF00 /* ButtonRelease.m4a */,
				5D849AC11E3BE6100027AF00 /* CompleteFourLines.m4a */,
				5D849AC21E3BE6100027AF00 /* CompleteLine.m4a */,
				5D849AC31E3BE6100027AF00 /* DropBlock.m4a */,
				5D849AC41E3BE6100027AF00 /* Explosion.m4a */,
				5D849AC51E3BE6100027AF00 /* GameOver.m4a */,
				5D849AC61E3BE6100027AF00 /* MoveBlock.m4a */,
				5D849AC71E3BE6100027AF00 /* NewLevel.m4a */,
				5D849AC81E3BE6100027AF00 /* RotateBlock.m4a */,
				5D849AC91E3BE6100027AF00 /* SuckLines.m4a */,
				5D849ACA1E3BE6100027AF00 /* TetrisMusic1.m4a */,
				5D849ACB1E3BE6100027AF00 /* TetrisMusic2.m4a */,
				5D849ACC1E3BE6100027AF00 /* TetrisMusic3.m4a */,
				5D849ACD1E3BE6100027AF00 /* WonGame.m4a */,
			);
			name = Sounds;
			path = Game/Sounds;
			sourceTree = "<group>";
		};
/* End PBXGroup section */

/* Begin PBXNativeTarget section */
		5D849A7B1E3BB1260027AF00 /* MUT20XX */ = {
			isa = PBXNativeTarget;
			buildConfigurationList = 5D849A9C1E3BB1270027AF00 /* Build configuration list for PBXNativeTarget "MUT20XX" */;
			buildPhases = (
				5D849A781E3BB1260027AF00 /* Sources */,
				5D849A791E3BB1260027AF00 /* Frameworks */,
				5D849A7A1E3BB1260027AF00 /* Resources */,
			);
			buildRules = (
			);
			dependencies = (
			);
			name = MUT20XX;
			productName = MUT20XX;
			productReference = 5D849A7C1E3BB1260027AF00 /* MUT20XX.app */;
			productType = "com.apple.product-type.application";
		};
		5D849A921E3BB1260027AF00 /* MUT20XXTests */ = {
			isa = PBXNativeTarget;
			buildConfigurationList = 5D849A9F1E3BB1270027AF00 /* Build configuration list for PBXNativeTarget "MUT20XXTests" */;
			buildPhases = (
				5D849A8F1E3BB1260027AF00 /* Sources */,
				5D849A901E3BB1260027AF00 /* Frameworks */,
				5D849A911E3BB1260027AF00 /* Resources */,
			);
			buildRules = (
			);
			dependencies = (
				5D849A951E3BB1260027AF00 /* PBXTargetDependency */,
			);
			name = MUT20XXTests;
			productName = MUT20XXTests;
			productReference = 5D849A931E3BB1260027AF00 /* MUT20XXTests.xctest */;
			productType = "com.apple.product-type.bundle.unit-test";
		};
/* End PBXNativeTarget section */

/* Begin PBXProject section */
		5D849A741E3BB1260027AF00 /* Project object */ = {
			isa = PBXProject;
			attributes = {
				LastSwiftUpdateCheck = 0820;
				LastUpgradeCheck = 0820;
				ORGANIZATIONNAME = iDevGames;
				TargetAttributes = {
					5D849A7B1E3BB1260027AF00 = {
						CreatedOnToolsVersion = 8.2;
						LastSwiftMigration = 0820;
						ProvisioningStyle = Manual;
						SystemCapabilities = {
							com.apple.GameCenter = {
								enabled = 0;
							};
							com.apple.Push = {
								enabled = 0;
							};
							com.apple.Sandbox = {
								enabled = 0;
							};
							com.apple.iCloud = {
								enabled = 0;
							};
						};
					};
					5D849A921E3BB1260027AF00 = {
						CreatedOnToolsVersion = 8.2;
						ProvisioningStyle = Automatic;
						TestTargetID = 5D849A7B1E3BB1260027AF00;
					};
				};
			};
			buildConfigurationList = 5D849A771E3BB1260027AF00 /* Build configuration list for PBXProject "Project" */;
			compatibilityVersion = "Xcode 3.2";
			developmentRegion = English;
			hasScannedForEncodings = 0;
			knownRegions = (
				en,
				Base,
			);
			mainGroup = 5D849A731E3BB1260027AF00;
			productRefGroup = 5D849A7D1E3BB1260027AF00 /* Products */;
			projectDirPath = "";
			projectRoot = "";
			targets = (
				5D849A7B1E3BB1260027AF00 /* MUT20XX */,
				5D849A921E3BB1260027AF00 /* MUT20XXTests */,
			);
		};
/* End PBXProject section */

/* Begin PBXResourcesBuildPhase section */
		5D849A7A1E3BB1260027AF00 /* Resources */ = {
			isa = PBXResourcesBuildPhase;
			buildActionMask = 2147483647;
			files = (
				5D849ADB1E3BE6100027AF00 /* TetrisMusic2.m4a in Resources */,
				5DCE04061EB6599D00C8F9ED /* LobbyScene.sks in Resources */,
				5D849AD31E3BE6100027AF00 /* DropBlock.m4a in Resources */,
				5D849AD61E3BE6100027AF00 /* MoveBlock.m4a in Resources */,
				5DF95A311E58E6B100F2817A /* MainMenu.xib in Resources */,
				5D849AD91E3BE6100027AF00 /* SuckLines.m4a in Resources */,
				5D849A821E3BB1260027AF00 /* GameSinglePlayerScene.sks in Resources */,
				5D849AD41E3BE6100027AF00 /* Explosion.m4a in Resources */,
				5DCE040C1EB65B9000C8F9ED /* WaitingScene.sks in Resources */,
				5D849ACE1E3BE6100027AF00 /* ButtonClick.m4a in Resources */,
				5D849A8A1E3BB1260027AF00 /* Assets.xcassets in Resources */,
				5D849AD21E3BE6100027AF00 /* CompleteLine.m4a in Resources */,
				5DD129901E6378BA001FFDC0 /* HostGameViewController.xib in Resources */,
				5D849ACF1E3BE6100027AF00 /* ButtonHover.m4a in Resources */,
				5D849AD81E3BE6100027AF00 /* RotateBlock.m4a in Resources */,
				5D849AD71E3BE6100027AF00 /* NewLevel.m4a in Resources */,
				5D849AD11E3BE6100027AF00 /* CompleteFourLines.m4a in Resources */,
				5D849ADD1E3BE6100027AF00 /* WonGame.m4a in Resources */,
				5D849AD01E3BE6100027AF00 /* ButtonRelease.m4a in Resources */,
				5DD129941E6378CC001FFDC0 /* JoinGameViewController.xib in Resources */,
				5D849ADA1E3BE6100027AF00 /* TetrisMusic1.m4a in Resources */,
				5D849AD51E3BE6100027AF00 /* GameOver.m4a in Resources */,
				5D849ABA1E3BDC570027AF00 /* Notes.txt in Resources */,
				5DF95A351E59274000F2817A /* MainMenuScene.sks in Resources */,
				5D849ADC1E3BE6100027AF00 /* TetrisMusic3.m4a in Resources */,
			);
			runOnlyForDeploymentPostprocessing = 0;
		};
		5D849A911E3BB1260027AF00 /* Resources */ = {
			isa = PBXResourcesBuildPhase;
			buildActionMask = 2147483647;
			files = (
			);
			runOnlyForDeploymentPostprocessing = 0;
		};
/* End PBXResourcesBuildPhase section */

/* Begin PBXSourcesBuildPhase section */
		5D849A781E3BB1260027AF00 /* Sources */ = {
			isa = PBXSourcesBuildPhase;
			buildActionMask = 2147483647;
			files = (
				5DF95A371E59278900F2817A /* MainMenuScene.swift in Sources */,
				5D52BDAF1E6D13630018BF76 /* Game.swift in Sources */,
				5DD129981E6388C7001FFDC0 /* Preferences.swift in Sources */,
				5DD1298F1E6378BA001FFDC0 /* HostGameViewController.swift in Sources */,
				5D526BA71E6232C2009C057E /* BinaryStream.swift in Sources */,
				5D849A861E3BB1260027AF00 /* GameSinglePlayerScene.swift in Sources */,
				5D526B9F1E622DF0009C057E /* GCDAsyncUdpSocket.m in Sources */,
				5DCE040A1EB65AE500C8F9ED /* WaitingScene.swift in Sources */,
				5D849AB61E3BC7180027AF00 /* Audio.swift in Sources */,
				5DD129961E638083001FFDC0 /* Dialog.swift in Sources */,
				5DA8C2F61E5938A000C33D23 /* GamePieceBlockTexture.swift in Sources */,
				5D526BA51E622E62009C057E /* NetMessage.swift in Sources */,
				5D849AAA1E3BB5700027AF00 /* OccupancyMap.swift in Sources */,
				5DA8C2F21E5936A900C33D23 /* BlockNode.swift in Sources */,
				5D849AA81E3BB22F0027AF00 /* Piece.swift in Sources */,
				5D849AA61E3BB2180027AF00 /* Board.swift in Sources */,
				5DCE04041EB6594400C8F9ED /* LobbyScene.swift in Sources */,
				5DA8C2F01E59368000C33D23 /* BoardNode.swift in Sources */,
				5DA8C2F41E5936CF00C33D23 /* ShapeNode.swift in Sources */,
				5D526B9E1E622DF0009C057E /* GCDAsyncSocket.m in Sources */,
				5D849AAC1E3BB71B0027AF00 /* ShapeGenerator.swift in Sources */,
				5D849AB21E3BB7DE0027AF00 /* Input.swift in Sources */,
				5DCE04081EB659D500C8F9ED /* SceneManager.swift in Sources */,
				5DCE04021EB6586800C8F9ED /* BaseGameScene.swift in Sources */,
				5DD129931E6378CC001FFDC0 /* JoinGameViewController.swift in Sources */,
				5D849A801E3BB1260027AF00 /* AppDelegate.swift in Sources */,
				5D526BA11E622E4E009C057E /* NetConnection.swift in Sources */,
				5D849AB41E3BB8080027AF00 /* Player.swift in Sources */,
				5DF95A391E592B9400F2817A /* ButtonNode.swift in Sources */,
				5D849AE21E3E9F420027AF00 /* ServerGame.swift in Sources */,
				5D849AAF1E3BB7A40027AF00 /* ClientGame.swift in Sources */,
				5DF95A3B1E5933A700F2817A /* Keycodes.swift in Sources */,
			);
			runOnlyForDeploymentPostprocessing = 0;
		};
		5D849A8F1E3BB1260027AF00 /* Sources */ = {
			isa = PBXSourcesBuildPhase;
			buildActionMask = 2147483647;
			files = (
				5D526BA91E6232D1009C057E /* BinaryStreamTests.swift in Sources */,
				024507361E3C902B00474C1C /* OccupancyMapTests.swift in Sources */,
				5D849A981E3BB1270027AF00 /* MUT20XXTests.swift in Sources */,
			);
			runOnlyForDeploymentPostprocessing = 0;
		};
/* End PBXSourcesBuildPhase section */

/* Begin PBXTargetDependency section */
		5D849A951E3BB1260027AF00 /* PBXTargetDependency */ = {
			isa = PBXTargetDependency;
			target = 5D849A7B1E3BB1260027AF00 /* MUT20XX */;
			targetProxy = 5D849A941E3BB1260027AF00 /* PBXContainerItemProxy */;
		};
/* End PBXTargetDependency section */

/* Begin XCBuildConfiguration section */
		5D849A9A1E3BB1270027AF00 /* Debug */ = {
			isa = XCBuildConfiguration;
			buildSettings = {
				ALWAYS_SEARCH_USER_PATHS = NO;
				CLANG_ANALYZER_NONNULL = YES;
				CLANG_CXX_LANGUAGE_STANDARD = "gnu++0x";
				CLANG_CXX_LIBRARY = "libc++";
				CLANG_ENABLE_MODULES = YES;
				CLANG_ENABLE_OBJC_ARC = YES;
				CLANG_WARN_BOOL_CONVERSION = YES;
				CLANG_WARN_CONSTANT_CONVERSION = YES;
				CLANG_WARN_DIRECT_OBJC_ISA_USAGE = YES_ERROR;
				CLANG_WARN_DOCUMENTATION_COMMENTS = YES;
				CLANG_WARN_EMPTY_BODY = YES;
				CLANG_WARN_ENUM_CONVERSION = YES;
				CLANG_WARN_INFINITE_RECURSION = YES;
				CLANG_WARN_INT_CONVERSION = YES;
				CLANG_WARN_OBJC_ROOT_CLASS = YES_ERROR;
				CLANG_WARN_SUSPICIOUS_MOVE = YES;
				CLANG_WARN_UNREACHABLE_CODE = YES;
				CLANG_WARN__DUPLICATE_METHOD_MATCH = YES;
				CODE_SIGN_IDENTITY = "-";
				COPY_PHASE_STRIP = NO;
				DEBUG_INFORMATION_FORMAT = dwarf;
				ENABLE_STRICT_OBJC_MSGSEND = YES;
				ENABLE_TESTABILITY = YES;
				GCC_C_LANGUAGE_STANDARD = gnu99;
				GCC_DYNAMIC_NO_PIC = NO;
				GCC_NO_COMMON_BLOCKS = YES;
				GCC_OPTIMIZATION_LEVEL = 0;
				GCC_PREPROCESSOR_DEFINITIONS = (
					"DEBUG=1",
					"$(inherited)",
				);
				GCC_WARN_64_TO_32_BIT_CONVERSION = YES;
				GCC_WARN_ABOUT_RETURN_TYPE = YES_ERROR;
				GCC_WARN_UNDECLARED_SELECTOR = YES;
				GCC_WARN_UNINITIALIZED_AUTOS = YES_AGGRESSIVE;
				GCC_WARN_UNUSED_FUNCTION = YES;
				GCC_WARN_UNUSED_VARIABLE = YES;
				MACOSX_DEPLOYMENT_TARGET = 10.12;
				MTL_ENABLE_DEBUG_INFO = YES;
				ONLY_ACTIVE_ARCH = YES;
				SDKROOT = macosx;
				SWIFT_ACTIVE_COMPILATION_CONDITIONS = DEBUG;
				SWIFT_OPTIMIZATION_LEVEL = "-Onone";
			};
			name = Debug;
		};
		5D849A9B1E3BB1270027AF00 /* Release */ = {
			isa = XCBuildConfiguration;
			buildSettings = {
				ALWAYS_SEARCH_USER_PATHS = NO;
				CLANG_ANALYZER_NONNULL = YES;
				CLANG_CXX_LANGUAGE_STANDARD = "gnu++0x";
				CLANG_CXX_LIBRARY = "libc++";
				CLANG_ENABLE_MODULES = YES;
				CLANG_ENABLE_OBJC_ARC = YES;
				CLANG_WARN_BOOL_CONVERSION = YES;
				CLANG_WARN_CONSTANT_CONVERSION = YES;
				CLANG_WARN_DIRECT_OBJC_ISA_USAGE = YES_ERROR;
				CLANG_WARN_DOCUMENTATION_COMMENTS = YES;
				CLANG_WARN_EMPTY_BODY = YES;
				CLANG_WARN_ENUM_CONVERSION = YES;
				CLANG_WARN_INFINITE_RECURSION = YES;
				CLANG_WARN_INT_CONVERSION = YES;
				CLANG_WARN_OBJC_ROOT_CLASS = YES_ERROR;
				CLANG_WARN_SUSPICIOUS_MOVE = YES;
				CLANG_WARN_UNREACHABLE_CODE = YES;
				CLANG_WARN__DUPLICATE_METHOD_MATCH = YES;
				CODE_SIGN_IDENTITY = "-";
				COPY_PHASE_STRIP = NO;
				DEBUG_INFORMATION_FORMAT = "dwarf-with-dsym";
				ENABLE_NS_ASSERTIONS = NO;
				ENABLE_STRICT_OBJC_MSGSEND = YES;
				GCC_C_LANGUAGE_STANDARD = gnu99;
				GCC_NO_COMMON_BLOCKS = YES;
				GCC_WARN_64_TO_32_BIT_CONVERSION = YES;
				GCC_WARN_ABOUT_RETURN_TYPE = YES_ERROR;
				GCC_WARN_UNDECLARED_SELECTOR = YES;
				GCC_WARN_UNINITIALIZED_AUTOS = YES_AGGRESSIVE;
				GCC_WARN_UNUSED_FUNCTION = YES;
				GCC_WARN_UNUSED_VARIABLE = YES;
				MACOSX_DEPLOYMENT_TARGET = 10.12;
				MTL_ENABLE_DEBUG_INFO = NO;
				SDKROOT = macosx;
				SWIFT_OPTIMIZATION_LEVEL = "-Owholemodule";
			};
			name = Release;
		};
		5D849A9D1E3BB1270027AF00 /* Debug */ = {
			isa = XCBuildConfiguration;
			buildSettings = {
				ASSETCATALOG_COMPILER_APPICON_NAME = AppIcon;
				CLANG_ENABLE_MODULES = YES;
				COMBINE_HIDPI_IMAGES = YES;
				DEVELOPMENT_TEAM = "";
				INFOPLIST_FILE = Game/Info.plist;
				LD_RUNPATH_SEARCH_PATHS = "$(inherited) @executable_path/../Frameworks";
				MACOSX_DEPLOYMENT_TARGET = 10.12;
				PRODUCT_BUNDLE_IDENTIFIER = com.idevgames.MUT20XX;
				PRODUCT_NAME = "$(TARGET_NAME)";
				SWIFT_OBJC_BRIDGING_HEADER = "Game/MUT20XX-Bridging-Header.h";
				SWIFT_OPTIMIZATION_LEVEL = "-Onone";
				SWIFT_VERSION = 3.0;
			};
			name = Debug;
		};
		5D849A9E1E3BB1270027AF00 /* Release */ = {
			isa = XCBuildConfiguration;
			buildSettings = {
				ASSETCATALOG_COMPILER_APPICON_NAME = AppIcon;
				CLANG_ENABLE_MODULES = YES;
				COMBINE_HIDPI_IMAGES = YES;
				DEVELOPMENT_TEAM = 28488A87JB;
				INFOPLIST_FILE = Game/Info.plist;
				LD_RUNPATH_SEARCH_PATHS = "$(inherited) @executable_path/../Frameworks";
				MACOSX_DEPLOYMENT_TARGET = 10.12;
				PRODUCT_BUNDLE_IDENTIFIER = com.idevgames.MUT20XX;
				PRODUCT_NAME = "$(TARGET_NAME)";
				SWIFT_OBJC_BRIDGING_HEADER = "Game/MUT20XX-Bridging-Header.h";
				SWIFT_VERSION = 3.0;
			};
			name = Release;
		};
		5D849AA01E3BB1270027AF00 /* Debug */ = {
			isa = XCBuildConfiguration;
			buildSettings = {
				ALWAYS_EMBED_SWIFT_STANDARD_LIBRARIES = YES;
				BUNDLE_LOADER = "$(TEST_HOST)";
				COMBINE_HIDPI_IMAGES = YES;
				INFOPLIST_FILE = Tests/Info.plist;
				LD_RUNPATH_SEARCH_PATHS = "$(inherited) @executable_path/../Frameworks @loader_path/../Frameworks";
				PRODUCT_BUNDLE_IDENTIFIER = com.idevgames.MUT20XXTests;
				PRODUCT_NAME = "$(TARGET_NAME)";
				SWIFT_VERSION = 3.0;
				TEST_HOST = "$(BUILT_PRODUCTS_DIR)/MUT20XX.app/Contents/MacOS/MUT20XX";
			};
			name = Debug;
		};
		5D849AA11E3BB1270027AF00 /* Release */ = {
			isa = XCBuildConfiguration;
			buildSettings = {
				ALWAYS_EMBED_SWIFT_STANDARD_LIBRARIES = YES;
				BUNDLE_LOADER = "$(TEST_HOST)";
				COMBINE_HIDPI_IMAGES = YES;
				INFOPLIST_FILE = Tests/Info.plist;
				LD_RUNPATH_SEARCH_PATHS = "$(inherited) @executable_path/../Frameworks @loader_path/../Frameworks";
				PRODUCT_BUNDLE_IDENTIFIER = com.idevgames.MUT20XXTests;
				PRODUCT_NAME = "$(TARGET_NAME)";
				SWIFT_VERSION = 3.0;
				TEST_HOST = "$(BUILT_PRODUCTS_DIR)/MUT20XX.app/Contents/MacOS/MUT20XX";
			};
			name = Release;
		};
/* End XCBuildConfiguration section */

/* Begin XCConfigurationList section */
		5D849A771E3BB1260027AF00 /* Build configuration list for PBXProject "Project" */ = {
			isa = XCConfigurationList;
			buildConfigurations = (
				5D849A9A1E3BB1270027AF00 /* Debug */,
				5D849A9B1E3BB1270027AF00 /* Release */,
			);
			defaultConfigurationIsVisible = 0;
			defaultConfigurationName = Release;
		};
		5D849A9C1E3BB1270027AF00 /* Build configuration list for PBXNativeTarget "MUT20XX" */ = {
			isa = XCConfigurationList;
			buildConfigurations = (
				5D849A9D1E3BB1270027AF00 /* Debug */,
				5D849A9E1E3BB1270027AF00 /* Release */,
			);
			defaultConfigurationIsVisible = 0;
			defaultConfigurationName = Release;
		};
		5D849A9F1E3BB1270027AF00 /* Build configuration list for PBXNativeTarget "MUT20XXTests" */ = {
			isa = XCConfigurationList;
			buildConfigurations = (
				5D849AA01E3BB1270027AF00 /* Debug */,
				5D849AA11E3BB1270027AF00 /* Release */,
			);
			defaultConfigurationIsVisible = 0;
			defaultConfigurationName = Release;
		};
/* End XCConfigurationList section */
	};
	rootObject = 5D849A741E3BB1260027AF00 /* Project object */;
}
